
Microsoft Visual Studio Solution File, Format Version 12.00
# Visual Studio Version 16
VisualStudioVersion = 16.0.30907.101
MinimumVisualStudioVersion = 10.0.40219.1
Project("{FAE04EC0-301F-11D3-BF4B-00C04F79EFBC}") = "ToDo.Android", "ToDo.Android\ToDo.Android.csproj", "{4F7E5403-FB74-4D64-BF94-F61AB5948033}"
EndProject
Project("{FAE04EC0-301F-11D3-BF4B-00C04F79EFBC}") = "ToDo", "ToDo\ToDo.csproj", "{12833C80-9E05-444B-A6D4-2F7D1EBD4346}"
EndProject
Global
	GlobalSection(SolutionConfigurationPlatforms) = preSolution
		Debug|Any CPU = Debug|Any CPU
		Release|Any CPU = Release|Any CPU
	EndGlobalSection
	GlobalSection(ProjectConfigurationPlatforms) = postSolution
		{4F7E5403-FB74-4D64-BF94-F61AB5948033}.Debug|Any CPU.ActiveCfg = Debug|Any CPU
		{4F7E5403-FB74-4D64-BF94-F61AB5948033}.Debug|Any CPU.Build.0 = Debug|Any CPU
		{4F7E5403-FB74-4D64-BF94-F61AB5948033}.Debug|Any CPU.Deploy.0 = Debug|Any CPU
		{4F7E5403-FB74-4D64-BF94-F61AB5948033}.Release|Any CPU.ActiveCfg = Release|Any CPU
		{4F7E5403-FB74-4D64-BF94-F61AB5948033}.Release|Any CPU.Build.0 = Release|Any CPU
		{4F7E5403-FB74-4D64-BF94-F61AB5948033}.Release|Any CPU.Deploy.0 = Release|Any CPU
		{12833C80-9E05-444B-A6D4-2F7D1EBD4346}.Debug|Any CPU.ActiveCfg = Debug|Any CPU
		{12833C80-9E05-444B-A6D4-2F7D1EBD4346}.Debug|Any CPU.Build.0 = Debug|Any CPU
		{12833C80-9E05-444B-A6D4-2F7D1EBD4346}.Debug|Any CPU.Deploy.0 = Debug|Any CPU
		{12833C80-9E05-444B-A6D4-2F7D1EBD4346}.Release|Any CPU.ActiveCfg = Release|Any CPU
		{12833C80-9E05-444B-A6D4-2F7D1EBD4346}.Release|Any CPU.Build.0 = Release|Any CPU
		{12833C80-9E05-444B-A6D4-2F7D1EBD4346}.Release|Any CPU.Deploy.0 = Release|Any CPU
	EndGlobalSection
	GlobalSection(SolutionProperties) = preSolution
		HideSolutionNode = FALSE
	EndGlobalSection
	GlobalSection(ExtensibilityGlobals) = postSolution
		SolutionGuid = {23ED8A54-FB4A-468E-83A2-0D88428C4A7A}
	EndGlobalSection
EndGlobal
